
Microsoft Visual Studio Solution File, Format Version 11.00
# Visual Studio 2010
Project("{FAE04EC0-301F-11D3-BF4B-00C04F79EFBC}") = "WordAddin Right_Click_Menu", "WordAddin Right_Click_Menu\WordAddin Right_Click_Menu.csproj", "{E7711C8F-E8E3-4876-A129-C30CE2310320}"
EndProject
Global
	GlobalSection(SolutionConfigurationPlatforms) = preSolution
		Debug|Any CPU = Debug|Any CPU
		Release|Any CPU = Release|Any CPU
	EndGlobalSection
	GlobalSection(ProjectConfigurationPlatforms) = postSolution
		{E7711C8F-E8E3-4876-A129-C30CE2310320}.Debug|Any CPU.ActiveCfg = Debug|Any CPU
		{E7711C8F-E8E3-4876-A129-C30CE2310320}.Debug|Any CPU.Build.0 = Debug|Any CPU
		{E7711C8F-E8E3-4876-A129-C30CE2310320}.Release|Any CPU.ActiveCfg = Release|Any CPU
		{E7711C8F-E8E3-4876-A129-C30CE2310320}.Release|Any CPU.Build.0 = Release|Any CPU
	EndGlobalSection
	GlobalSection(SolutionProperties) = preSolution
		HideSolutionNode = FALSE
	EndGlobalSection
EndGlobal
